// !$*UTF8*$!
{
	archiveVersion = 1;
	classes = {
	};
	objectVersion = 50;
	objects = {

/* Begin PBXBuildFile section */
		120C631AA5D509A0AE18F6BA /* libPods-ToDoListRealm.a in Frameworks */ = {isa = PBXBuildFile; fileRef = 43FDF6667E3BEC95A18EB786 /* libPods-ToDoListRealm.a */; };
		37F5A2222531C5AF00B390F0 /* AppDelegate.swift in Sources */ = {isa = PBXBuildFile; fileRef = 37F5A2212531C5AF00B390F0 /* AppDelegate.swift */; };
		37F5A2242531C5AF00B390F0 /* SceneDelegate.swift in Sources */ = {isa = PBXBuildFile; fileRef = 37F5A2232531C5AF00B390F0 /* SceneDelegate.swift */; };
		37F5A22B2531C5B000B390F0 /* Assets.xcassets in Resources */ = {isa = PBXBuildFile; fileRef = 37F5A22A2531C5B000B390F0 /* Assets.xcassets */; };
		37F5A22E2531C5B000B390F0 /* LaunchScreen.storyboard in Resources */ = {isa = PBXBuildFile; fileRef = 37F5A22C2531C5B000B390F0 /* LaunchScreen.storyboard */; };
		37F5A23B2531C5E200B390F0 /* TasksViewController.swift in Sources */ = {isa = PBXBuildFile; fileRef = 37F5A2372531C5E200B390F0 /* TasksViewController.swift */; };
		37F5A23C2531C5E200B390F0 /* TaskListViewController.swift in Sources */ = {isa = PBXBuildFile; fileRef = 37F5A2382531C5E200B390F0 /* TaskListViewController.swift */; };
		37F5A23D2531C5E200B390F0 /* Task.swift in Sources */ = {isa = PBXBuildFile; fileRef = 37F5A2392531C5E200B390F0 /* Task.swift */; };
		37F5A23E2531C5E200B390F0 /* StorageManager.swift in Sources */ = {isa = PBXBuildFile; fileRef = 37F5A23A2531C5E200B390F0 /* StorageManager.swift */; };
		37F5A2412531C5EE00B390F0 /* Extension + UITableViewCell copy.swift in Sources */ = {isa = PBXBuildFile; fileRef = 37F5A2402531C5EE00B390F0 /* Extension + UITableViewCell copy.swift */; };
		37F5A2442531C62100B390F0 /* AlertController.swift in Sources */ = {isa = PBXBuildFile; fileRef = 37F5A2432531C62100B390F0 /* AlertController.swift */; };
		37F5A2472531C63500B390F0 /* Main.storyboard in Resources */ = {isa = PBXBuildFile; fileRef = 37F5A2462531C63500B390F0 /* Main.storyboard */; };
/* End PBXBuildFile section */

/* Begin PBXFileReference section */
		37F5A21E2531C5AF00B390F0 /* ToDoListRealm.app */ = {isa = PBXFileReference; explicitFileType = wrapper.application; includeInIndex = 0; path = ToDoListRealm.app; sourceTree = BUILT_PRODUCTS_DIR; };
		37F5A2212531C5AF00B390F0 /* AppDelegate.swift */ = {isa = PBXFileReference; lastKnownFileType = sourcecode.swift; path = AppDelegate.swift; sourceTree = "<group>"; };
		37F5A2232531C5AF00B390F0 /* SceneDelegate.swift */ = {isa = PBXFileReference; lastKnownFileType = sourcecode.swift; path = SceneDelegate.swift; sourceTree = "<group>"; };
		37F5A22A2531C5B000B390F0 /* Assets.xcassets */ = {isa = PBXFileReference; lastKnownFileType = folder.assetcatalog; path = Assets.xcassets; sourceTree = "<group>"; };
		37F5A22D2531C5B000B390F0 /* Base */ = {isa = PBXFileReference; lastKnownFileType = file.storyboard; name = Base; path = Base.lproj/LaunchScreen.storyboard; sourceTree = "<group>"; };
		37F5A22F2531C5B000B390F0 /* Info.plist */ = {isa = PBXFileReference; lastKnownFileType = text.plist.xml; path = Info.plist; sourceTree = "<group>"; };
		37F5A2372531C5E200B390F0 /* TasksViewController.swift */ = {isa = PBXFileReference; fileEncoding = 4; lastKnownFileType = sourcecode.swift; path = TasksViewController.swift; sourceTree = "<group>"; };
		37F5A2382531C5E200B390F0 /* TaskListViewController.swift */ = {isa = PBXFileReference; fileEncoding = 4; lastKnownFileType = sourcecode.swift; path = TaskListViewController.swift; sourceTree = "<group>"; };
		37F5A2392531C5E200B390F0 /* Task.swift */ = {isa = PBXFileReference; fileEncoding = 4; lastKnownFileType = sourcecode.swift; path = Task.swift; sourceTree = "<group>"; };
		37F5A23A2531C5E200B390F0 /* StorageManager.swift */ = {isa = PBXFileReference; fileEncoding = 4; lastKnownFileType = sourcecode.swift; path = StorageManager.swift; sourceTree = "<group>"; };
		37F5A2402531C5EE00B390F0 /* Extension + UITableViewCell copy.swift */ = {isa = PBXFileReference; fileEncoding = 4; lastKnownFileType = sourcecode.swift; path = "Extension + UITableViewCell copy.swift"; sourceTree = "<group>"; };
		37F5A2432531C62100B390F0 /* AlertController.swift */ = {isa = PBXFileReference; fileEncoding = 4; lastKnownFileType = sourcecode.swift; path = AlertController.swift; sourceTree = "<group>"; };
		37F5A2462531C63500B390F0 /* Main.storyboard */ = {isa = PBXFileReference; fileEncoding = 4; lastKnownFileType = file.storyboard; path = Main.storyboard; sourceTree = "<group>"; };
		43FDF6667E3BEC95A18EB786 /* libPods-ToDoListRealm.a */ = {isa = PBXFileReference; explicitFileType = archive.ar; includeInIndex = 0; path = "libPods-ToDoListRealm.a"; sourceTree = BUILT_PRODUCTS_DIR; };
		B9E643371E8F7E694CD994C0 /* Pods-ToDoListRealm.debug.xcconfig */ = {isa = PBXFileReference; includeInIndex = 1; lastKnownFileType = text.xcconfig; name = "Pods-ToDoListRealm.debug.xcconfig"; path = "Target Support Files/Pods-ToDoListRealm/Pods-ToDoListRealm.debug.xcconfig"; sourceTree = "<group>"; };
		DBBD8739100DD05CB12E6EBE /* Pods-ToDoListRealm.release.xcconfig */ = {isa = PBXFileReference; includeInIndex = 1; lastKnownFileType = text.xcconfig; name = "Pods-ToDoListRealm.release.xcconfig"; path = "Target Support Files/Pods-ToDoListRealm/Pods-ToDoListRealm.release.xcconfig"; sourceTree = "<group>"; };
/* End PBXFileReference section */

/* Begin PBXFrameworksBuildPhase section */
		37F5A21B2531C5AF00B390F0 /* Frameworks */ = {
			isa = PBXFrameworksBuildPhase;
			buildActionMask = 2147483647;
			files = (
				120C631AA5D509A0AE18F6BA /* libPods-ToDoListRealm.a in Frameworks */,
			);
			runOnlyForDeploymentPostprocessing = 0;
		};
/* End PBXFrameworksBuildPhase section */

/* Begin PBXGroup section */
		37F5A2152531C5AF00B390F0 = {
			isa = PBXGroup;
			children = (
				37F5A2202531C5AF00B390F0 /* ToDoListRealm */,
				37F5A21F2531C5AF00B390F0 /* Products */,
				3F295CC05332E3A753B3BA37 /* Pods */,
				61FC21FF5648CC2D0FF4D8AF /* Frameworks */,
			);
			sourceTree = "<group>";
		};
		37F5A21F2531C5AF00B390F0 /* Products */ = {
			isa = PBXGroup;
			children = (
				37F5A21E2531C5AF00B390F0 /* ToDoListRealm.app */,
			);
			name = Products;
			sourceTree = "<group>";
		};
		37F5A2202531C5AF00B390F0 /* ToDoListRealm */ = {
			isa = PBXGroup;
			children = (
				37F5A2592531CDCC00B390F0 /* SupportingFiles */,
				37F5A2582531CCEA00B390F0 /* Services */,
				37F5A2572531CCB800B390F0 /* Extensions */,
				37F5A2562531CCAD00B390F0 /* Models */,
				37F5A2552531CC7B00B390F0 /* Storyboards */,
				37F5A2542531CC5800B390F0 /* ViewControllers */,
				37F5A22A2531C5B000B390F0 /* Assets.xcassets */,
				37F5A22F2531C5B000B390F0 /* Info.plist */,
			);
			path = ToDoListRealm;
			sourceTree = "<group>";
		};
		37F5A2542531CC5800B390F0 /* ViewControllers */ = {
			isa = PBXGroup;
			children = (
				37F5A2372531C5E200B390F0 /* TasksViewController.swift */,
				37F5A2382531C5E200B390F0 /* TaskListViewController.swift */,
				37F5A2432531C62100B390F0 /* AlertController.swift */,
			);
			path = ViewControllers;
			sourceTree = "<group>";
		};
		37F5A2552531CC7B00B390F0 /* Storyboards */ = {
			isa = PBXGroup;
			children = (
				37F5A2462531C63500B390F0 /* Main.storyboard */,
				37F5A22C2531C5B000B390F0 /* LaunchScreen.storyboard */,
			);
			path = Storyboards;
			sourceTree = "<group>";
		};
		37F5A2562531CCAD00B390F0 /* Models */ = {
			isa = PBXGroup;
			children = (
				37F5A2392531C5E200B390F0 /* Task.swift */,
			);
			path = Models;
			sourceTree = "<group>";
		};
		37F5A2572531CCB800B390F0 /* Extensions */ = {
			isa = PBXGroup;
			children = (
				37F5A2402531C5EE00B390F0 /* Extension + UITableViewCell copy.swift */,
			);
			path = Extensions;
			sourceTree = "<group>";
		};
		37F5A2582531CCEA00B390F0 /* Services */ = {
			isa = PBXGroup;
			children = (
				37F5A23A2531C5E200B390F0 /* StorageManager.swift */,
			);
			path = Services;
			sourceTree = "<group>";
		};
		37F5A2592531CDCC00B390F0 /* SupportingFiles */ = {
			isa = PBXGroup;
			children = (
				37F5A2212531C5AF00B390F0 /* AppDelegate.swift */,
				37F5A2232531C5AF00B390F0 /* SceneDelegate.swift */,
			);
			path = SupportingFiles;
			sourceTree = "<group>";
		};
		3F295CC05332E3A753B3BA37 /* Pods */ = {
			isa = PBXGroup;
			children = (
				B9E643371E8F7E694CD994C0 /* Pods-ToDoListRealm.debug.xcconfig */,
				DBBD8739100DD05CB12E6EBE /* Pods-ToDoListRealm.release.xcconfig */,
			);
			path = Pods;
			sourceTree = "<group>";
		};
		61FC21FF5648CC2D0FF4D8AF /* Frameworks */ = {
			isa = PBXGroup;
			children = (
				43FDF6667E3BEC95A18EB786 /* libPods-ToDoListRealm.a */,
			);
			name = Frameworks;
			sourceTree = "<group>";
		};
/* End PBXGroup section */

/* Begin PBXNativeTarget section */
		37F5A21D2531C5AF00B390F0 /* ToDoListRealm */ = {
			isa = PBXNativeTarget;
			buildConfigurationList = 37F5A2322531C5B000B390F0 /* Build configuration list for PBXNativeTarget "ToDoListRealm" */;
			buildPhases = (
				4B5ECA03EC4E0405213EE701 /* [CP] Check Pods Manifest.lock */,
				37F5A21A2531C5AF00B390F0 /* Sources */,
				37F5A21B2531C5AF00B390F0 /* Frameworks */,
				37F5A21C2531C5AF00B390F0 /* Resources */,
			);
			buildRules = (
			);
			dependencies = (
			);
			name = ToDoListRealm;
			productName = ToDoListRealm;
			productReference = 37F5A21E2531C5AF00B390F0 /* ToDoListRealm.app */;
			productType = "com.apple.product-type.application";
		};
/* End PBXNativeTarget section */

/* Begin PBXProject section */
		37F5A2162531C5AF00B390F0 /* Project object */ = {
			isa = PBXProject;
			attributes = {
				LastSwiftUpdateCheck = 1200;
				LastUpgradeCheck = 1200;
				TargetAttributes = {
					37F5A21D2531C5AF00B390F0 = {
						CreatedOnToolsVersion = 12.0.1;
					};
				};
			};
			buildConfigurationList = 37F5A2192531C5AF00B390F0 /* Build configuration list for PBXProject "ToDoListRealm" */;
			compatibilityVersion = "Xcode 9.3";
			developmentRegion = en;
			hasScannedForEncodings = 0;
			knownRegions = (
				en,
				Base,
			);
			mainGroup = 37F5A2152531C5AF00B390F0;
			productRefGroup = 37F5A21F2531C5AF00B390F0 /* Products */;
			projectDirPath = "";
			projectRoot = "";
			targets = (
				37F5A21D2531C5AF00B390F0 /* ToDoListRealm */,
			);
		};
/* End PBXProject section */

/* Begin PBXResourcesBuildPhase section */
		37F5A21C2531C5AF00B390F0 /* Resources */ = {
			isa = PBXResourcesBuildPhase;
			buildActionMask = 2147483647;
			files = (
				37F5A22E2531C5B000B390F0 /* LaunchScreen.storyboard in Resources */,
				37F5A22B2531C5B000B390F0 /* Assets.xcassets in Resources */,
				37F5A2472531C63500B390F0 /* Main.storyboard in Resources */,
			);
			runOnlyForDeploymentPostprocessing = 0;
		};
/* End PBXResourcesBuildPhase section */

/* Begin PBXShellScriptBuildPhase section */
		4B5ECA03EC4E0405213EE701 /* [CP] Check Pods Manifest.lock */ = {
			isa = PBXShellScriptBuildPhase;
			buildActionMask = 2147483647;
			files = (
			);
			inputFileListPaths = (
			);
			inputPaths = (
				"${PODS_PODFILE_DIR_PATH}/Podfile.lock",
				"${PODS_ROOT}/Manifest.lock",
			);
			name = "[CP] Check Pods Manifest.lock";
			outputFileListPaths = (
			);
			outputPaths = (
				"$(DERIVED_FILE_DIR)/Pods-ToDoListRealm-checkManifestLockResult.txt",
			);
			runOnlyForDeploymentPostprocessing = 0;
			shellPath = /bin/sh;
			shellScript = "diff \"${PODS_PODFILE_DIR_PATH}/Podfile.lock\" \"${PODS_ROOT}/Manifest.lock\" > /dev/null\nif [ $? != 0 ] ; then\n    # print error to STDERR\n    echo \"error: The sandbox is not in sync with the Podfile.lock. Run 'pod install' or update your CocoaPods installation.\" >&2\n    exit 1\nfi\n# This output is used by Xcode 'outputs' to avoid re-running this script phase.\necho \"SUCCESS\" > \"${SCRIPT_OUTPUT_FILE_0}\"\n";
			showEnvVarsInLog = 0;
		};
/* End PBXShellScriptBuildPhase section */

/* Begin PBXSourcesBuildPhase section */
		37F5A21A2531C5AF00B390F0 /* Sources */ = {
			isa = PBXSourcesBuildPhase;
			buildActionMask = 2147483647;
			files = (
				37F5A2442531C62100B390F0 /* AlertController.swift in Sources */,
				37F5A23B2531C5E200B390F0 /* TasksViewController.swift in Sources */,
				37F5A2222531C5AF00B390F0 /* AppDelegate.swift in Sources */,
				37F5A23E2531C5E200B390F0 /* StorageManager.swift in Sources */,
				37F5A2242531C5AF00B390F0 /* SceneDelegate.swift in Sources */,
				37F5A2412531C5EE00B390F0 /* Extension + UITableViewCell copy.swift in Sources */,
				37F5A23D2531C5E200B390F0 /* Task.swift in Sources */,
				37F5A23C2531C5E200B390F0 /* TaskListViewController.swift in Sources */,
			);
			runOnlyForDeploymentPostprocessing = 0;
		};
/* End PBXSourcesBuildPhase section */

/* Begin PBXVariantGroup section */
		37F5A22C2531C5B000B390F0 /* LaunchScreen.storyboard */ = {
			isa = PBXVariantGroup;
			children = (
				37F5A22D2531C5B000B390F0 /* Base */,
			);
			name = LaunchScreen.storyboard;
			sourceTree = "<group>";
		};
/* End PBXVariantGroup section */

/* Begin XCBuildConfiguration section */
		37F5A2302531C5B000B390F0 /* Debug */ = {
			isa = XCBuildConfiguration;
			buildSettings = {
				ALWAYS_SEARCH_USER_PATHS = NO;
				CLANG_ANALYZER_NONNULL = YES;
				CLANG_ANALYZER_NUMBER_OBJECT_CONVERSION = YES_AGGRESSIVE;
				CLANG_CXX_LANGUAGE_STANDARD = "gnu++14";
				CLANG_CXX_LIBRARY = "libc++";
				CLANG_ENABLE_MODULES = YES;
				CLANG_ENABLE_OBJC_ARC = YES;
				CLANG_ENABLE_OBJC_WEAK = YES;
				CLANG_WARN_BLOCK_CAPTURE_AUTORELEASING = YES;
				CLANG_WARN_BOOL_CONVERSION = YES;
				CLANG_WARN_COMMA = YES;
				CLANG_WARN_CONSTANT_CONVERSION = YES;
				CLANG_WARN_DEPRECATED_OBJC_IMPLEMENTATIONS = YES;
				CLANG_WARN_DIRECT_OBJC_ISA_USAGE = YES_ERROR;
				CLANG_WARN_DOCUMENTATION_COMMENTS = YES;
				CLANG_WARN_EMPTY_BODY = YES;
				CLANG_WARN_ENUM_CONVERSION = YES;
				CLANG_WARN_INFINITE_RECURSION = YES;
				CLANG_WARN_INT_CONVERSION = YES;
				CLANG_WARN_NON_LITERAL_NULL_CONVERSION = YES;
				CLANG_WARN_OBJC_IMPLICIT_RETAIN_SELF = YES;
				CLANG_WARN_OBJC_LITERAL_CONVERSION = YES;
				CLANG_WARN_OBJC_ROOT_CLASS = YES_ERROR;
				CLANG_WARN_QUOTED_INCLUDE_IN_FRAMEWORK_HEADER = YES;
				CLANG_WARN_RANGE_LOOP_ANALYSIS = YES;
				CLANG_WARN_STRICT_PROTOTYPES = YES;
				CLANG_WARN_SUSPICIOUS_MOVE = YES;
				CLANG_WARN_UNGUARDED_AVAILABILITY = YES_AGGRESSIVE;
				CLANG_WARN_UNREACHABLE_CODE = YES;
				CLANG_WARN__DUPLICATE_METHOD_MATCH = YES;
				COPY_PHASE_STRIP = NO;
				DEBUG_INFORMATION_FORMAT = dwarf;
				ENABLE_STRICT_OBJC_MSGSEND = YES;
				ENABLE_TESTABILITY = YES;
				GCC_C_LANGUAGE_STANDARD = gnu11;
				GCC_DYNAMIC_NO_PIC = NO;
				GCC_NO_COMMON_BLOCKS = YES;
				GCC_OPTIMIZATION_LEVEL = 0;
				GCC_PREPROCESSOR_DEFINITIONS = (
					"DEBUG=1",
					"$(inherited)",
				);
				GCC_WARN_64_TO_32_BIT_CONVERSION = YES;
				GCC_WARN_ABOUT_RETURN_TYPE = YES_ERROR;
				GCC_WARN_UNDECLARED_SELECTOR = YES;
				GCC_WARN_UNINITIALIZED_AUTOS = YES_AGGRESSIVE;
				GCC_WARN_UNUSED_FUNCTION = YES;
				GCC_WARN_UNUSED_VARIABLE = YES;
				IPHONEOS_DEPLOYMENT_TARGET = 14.0;
				MTL_ENABLE_DEBUG_INFO = INCLUDE_SOURCE;
				MTL_FAST_MATH = YES;
				ONLY_ACTIVE_ARCH = YES;
				SDKROOT = iphoneos;
				SWIFT_ACTIVE_COMPILATION_CONDITIONS = DEBUG;
				SWIFT_OPTIMIZATION_LEVEL = "-Onone";
			};
			name = Debug;
		};
		37F5A2312531C5B000B390F0 /* Release */ = {
			isa = XCBuildConfiguration;
			buildSettings = {
				ALWAYS_SEARCH_USER_PATHS = NO;
				CLANG_ANALYZER_NONNULL = YES;
				CLANG_ANALYZER_NUMBER_OBJECT_CONVERSION = YES_AGGRESSIVE;
				CLANG_CXX_LANGUAGE_STANDARD = "gnu++14";
				CLANG_CXX_LIBRARY = "libc++";
				CLANG_ENABLE_MODULES = YES;
				CLANG_ENABLE_OBJC_ARC = YES;
				CLANG_ENABLE_OBJC_WEAK = YES;
				CLANG_WARN_BLOCK_CAPTURE_AUTORELEASING = YES;
				CLANG_WARN_BOOL_CONVERSION = YES;
				CLANG_WARN_COMMA = YES;
				CLANG_WARN_CONSTANT_CONVERSION = YES;
				CLANG_WARN_DEPRECATED_OBJC_IMPLEMENTATIONS = YES;
				CLANG_WARN_DIRECT_OBJC_ISA_USAGE = YES_ERROR;
				CLANG_WARN_DOCUMENTATION_COMMENTS = YES;
				CLANG_WARN_EMPTY_BODY = YES;
				CLANG_WARN_ENUM_CONVERSION = YES;
				CLANG_WARN_INFINITE_RECURSION = YES;
				CLANG_WARN_INT_CONVERSION = YES;
				CLANG_WARN_NON_LITERAL_NULL_CONVERSION = YES;
				CLANG_WARN_OBJC_IMPLICIT_RETAIN_SELF = YES;
				CLANG_WARN_OBJC_LITERAL_CONVERSION = YES;
				CLANG_WARN_OBJC_ROOT_CLASS = YES_ERROR;
				CLANG_WARN_QUOTED_INCLUDE_IN_FRAMEWORK_HEADER = YES;
				CLANG_WARN_RANGE_LOOP_ANALYSIS = YES;
				CLANG_WARN_STRICT_PROTOTYPES = YES;
				CLANG_WARN_SUSPICIOUS_MOVE = YES;
				CLANG_WARN_UNGUARDED_AVAILABILITY = YES_AGGRESSIVE;
				CLANG_WARN_UNREACHABLE_CODE = YES;
				CLANG_WARN__DUPLICATE_METHOD_MATCH = YES;
				COPY_PHASE_STRIP = NO;
				DEBUG_INFORMATION_FORMAT = "dwarf-with-dsym";
				ENABLE_NS_ASSERTIONS = NO;
				ENABLE_STRICT_OBJC_MSGSEND = YES;
				GCC_C_LANGUAGE_STANDARD = gnu11;
				GCC_NO_COMMON_BLOCKS = YES;
				GCC_WARN_64_TO_32_BIT_CONVERSION = YES;
				GCC_WARN_ABOUT_RETURN_TYPE = YES_ERROR;
				GCC_WARN_UNDECLARED_SELECTOR = YES;
				GCC_WARN_UNINITIALIZED_AUTOS = YES_AGGRESSIVE;
				GCC_WARN_UNUSED_FUNCTION = YES;
				GCC_WARN_UNUSED_VARIABLE = YES;
				IPHONEOS_DEPLOYMENT_TARGET = 14.0;
				MTL_ENABLE_DEBUG_INFO = NO;
				MTL_FAST_MATH = YES;
				SDKROOT = iphoneos;
				SWIFT_COMPILATION_MODE = wholemodule;
				SWIFT_OPTIMIZATION_LEVEL = "-O";
				VALIDATE_PRODUCT = YES;
			};
			name = Release;
		};
		37F5A2332531C5B000B390F0 /* Debug */ = {
			isa = XCBuildConfiguration;
			baseConfigurationReference = B9E643371E8F7E694CD994C0 /* Pods-ToDoListRealm.debug.xcconfig */;
			buildSettings = {
				ASSETCATALOG_COMPILER_APPICON_NAME = AppIcon;
				ASSETCATALOG_COMPILER_GLOBAL_ACCENT_COLOR_NAME = AccentColor;
				CODE_SIGN_STYLE = Automatic;
				INFOPLIST_FILE = ToDoListRealm/Info.plist;
				IPHONEOS_DEPLOYMENT_TARGET = 13.0;
				LD_RUNPATH_SEARCH_PATHS = (
					"$(inherited)",
					"@executable_path/Frameworks",
				);
				PRODUCT_BUNDLE_IDENTIFIER = "dmitriy-dyachkov.ToDoListRealm";
				PRODUCT_NAME = "$(TARGET_NAME)";
				SWIFT_VERSION = 5.0;
				TARGETED_DEVICE_FAMILY = 1;
			};
			name = Debug;
		};
		37F5A2342531C5B000B390F0 /* Release */ = {
			isa = XCBuildConfiguration;
			baseConfigurationReference = DBBD8739100DD05CB12E6EBE /* Pods-ToDoListRealm.release.xcconfig */;
			buildSettings = {
				ASSETCATALOG_COMPILER_APPICON_NAME = AppIcon;
				ASSETCATALOG_COMPILER_GLOBAL_ACCENT_COLOR_NAME = AccentColor;
				CODE_SIGN_STYLE = Automatic;
				INFOPLIST_FILE = ToDoListRealm/Info.plist;
				IPHONEOS_DEPLOYMENT_TARGET = 13.0;
				LD_RUNPATH_SEARCH_PATHS = (
					"$(inherited)",
					"@executable_path/Frameworks",
				);
				PRODUCT_BUNDLE_IDENTIFIER = "dmitriy-dyachkov.ToDoListRealm";
				PRODUCT_NAME = "$(TARGET_NAME)";
				SWIFT_VERSION = 5.0;
				TARGETED_DEVICE_FAMILY = 1;
			};
			name = Release;
		};
/* End XCBuildConfiguration section */

/* Begin XCConfigurationList section */
		37F5A2192531C5AF00B390F0 /* Build configuration list for PBXProject "ToDoListRealm" */ = {
			isa = XCConfigurationList;
			buildConfigurations = (
				37F5A2302531C5B000B390F0 /* Debug */,
				37F5A2312531C5B000B390F0 /* Release */,
			);
			defaultConfigurationIsVisible = 0;
			defaultConfigurationName = Release;
		};
		37F5A2322531C5B000B390F0 /* Build configuration list for PBXNativeTarget "ToDoListRealm" */ = {
			isa = XCConfigurationList;
			buildConfigurations = (
				37F5A2332531C5B000B390F0 /* Debug */,
				37F5A2342531C5B000B390F0 /* Release */,
			);
			defaultConfigurationIsVisible = 0;
			defaultConfigurationName = Release;
		};
/* End XCConfigurationList section */
	};
	rootObject = 37F5A2162531C5AF00B390F0 /* Project object */;
}
